{
  "socketPath": "/tmp/mcp-d0OyYO/mcp.sock",
  "scheme": "unix",
  "headers": {
    "Authorization": "Nonce a59cd098-4373-4001-8793-db492d3a063d"
  },
  "pid": 17332,
  "ideName": "Visual Studio Code",
  "timestamp": 1773025008939,
  "workspaceFolders": [
    "/teamspace/studios/this_studio"
  ],
  "isTrusted": true
}